
Microsoft Visual Studio Solution File, Format Version 12.00
# Visual Studio Version 17
VisualStudioVersion = 17.5.33516.290
MinimumVisualStudioVersion = 10.0.40219.1
Project("{9A19103F-16F7-4668-BE54-9A1E7A4F7556}") = "Redis.API", "Redis.API\Redis.API.csproj", "{8A18C3D0-8495-415E-BB6E-833F3343C7D8}"
EndProject
Project("{FAE04EC0-301F-11D3-BF4B-00C04F79EFBC}") = "RedisExampleApp.Cache", "RedisExampleApp.Cache\RedisExampleApp.Cache.csproj", "{D26589ED-0D9C-472C-954E-CCC933D9DC7A}"
EndProject
Global
	GlobalSection(SolutionConfigurationPlatforms) = preSolution
		Debug|Any CPU = Debug|Any CPU
		Release|Any CPU = Release|Any CPU
	EndGlobalSection
	GlobalSection(ProjectConfigurationPlatforms) = postSolution
		{8A18C3D0-8495-415E-BB6E-833F3343C7D8}.Debug|Any CPU.ActiveCfg = Debug|Any CPU
		{8A18C3D0-8495-415E-BB6E-833F3343C7D8}.Debug|Any CPU.Build.0 = Debug|Any CPU
		{8A18C3D0-8495-415E-BB6E-833F3343C7D8}.Release|Any CPU.ActiveCfg = Release|Any CPU
		{8A18C3D0-8495-415E-BB6E-833F3343C7D8}.Release|Any CPU.Build.0 = Release|Any CPU
		{D26589ED-0D9C-472C-954E-CCC933D9DC7A}.Debug|Any CPU.ActiveCfg = Debug|Any CPU
		{D26589ED-0D9C-472C-954E-CCC933D9DC7A}.Debug|Any CPU.Build.0 = Debug|Any CPU
		{D26589ED-0D9C-472C-954E-CCC933D9DC7A}.Release|Any CPU.ActiveCfg = Release|Any CPU
		{D26589ED-0D9C-472C-954E-CCC933D9DC7A}.Release|Any CPU.Build.0 = Release|Any CPU
	EndGlobalSection
	GlobalSection(SolutionProperties) = preSolution
		HideSolutionNode = FALSE
	EndGlobalSection
	GlobalSection(ExtensibilityGlobals) = postSolution
		SolutionGuid = {4291CE88-6219-475F-9F3D-326D2F7790C0}
	EndGlobalSection
EndGlobal
